{
  "lockfile_version": "1",
  "packages": {
    "go-task@latest": {
      "last_modified": "2025-02-07T11:26:36Z",
      "resolved": "github:NixOS/nixpkgs/d98abf5cf5914e5e4e9d57205e3af55ca90ffc1d#go-task",
      "source": "devbox-search",
      "version": "3.41.0",
      "systems": {
        "aarch64-darwin": {
          "outputs": [
            {
              "name": "out",
              "path": "/nix/store/m0zc229zl4nfi9800dvxikyp31davmgl-go-task-3.41.0",
              "default": true
            }
          ],
          "store_path": "/nix/store/m0zc229zl4nfi9800dvxikyp31davmgl-go-task-3.41.0"
        },
        "aarch64-linux": {
          "outputs": [
            {
              "name": "out",
              "path": "/nix/store/3yg6irq9bdr34krjp0nbrrpd8gzfr4ag-go-task-3.41.0",
              "default": true
            }
          ],
          "store_path": "/nix/store/3yg6irq9bdr34krjp0nbrrpd8gzfr4ag-go-task-3.41.0"
        },
        "x86_64-darwin": {
          "outputs": [
            {
              "name": "out",
              "path": "/nix/store/25wclmb70pbw6z5a9lhf8xnl7rsf7vap-go-task-3.41.0",
              "default": true
            }
          ],
          "store_path": "/nix/store/25wclmb70pbw6z5a9lhf8xnl7rsf7vap-go-task-3.41.0"
        },
        "x86_64-linux": {
          "outputs": [
            {
              "name": "out",
              "path": "/nix/store/jn35gb9isnqzr9mfwhmig40c6iflmadz-go-task-3.41.0",
              "default": true
            }
          ],
          "store_path": "/nix/store/jn35gb9isnqzr9mfwhmig40c6iflmadz-go-task-3.41.0"
        }
      }
    },
    "helmfile@latest": {
      "last_modified": "2025-02-16T00:50:12Z",
      "resolved": "github:NixOS/nixpkgs/1dcdd535fef84d4671129a10e7072d56dca9a4d3#helmfile",
      "source": "devbox-search",
      "version": "0.171.0",
      "systems": {
        "aarch64-darwin": {
          "outputs": [
            {
              "name": "out",
              "path": "/nix/store/drhfi74ls1r2fm3p1kfkkigg1wjb0lpm-helmfile-0.171.0",
              "default": true
            }
          ],
          "store_path": "/nix/store/drhfi74ls1r2fm3p1kfkkigg1wjb0lpm-helmfile-0.171.0"
        },
        "aarch64-linux": {
          "outputs": [
            {
              "name": "out",
              "path": "/nix/store/b17835b1gyv4vpbcw1v43j30miy6allp-helmfile-0.171.0",
              "default": true
            }
          ],
          "store_path": "/nix/store/b17835b1gyv4vpbcw1v43j30miy6allp-helmfile-0.171.0"
        },
        "x86_64-darwin": {
          "outputs": [
            {
              "name": "out",
              "path": "/nix/store/fdn1y3dwv7crd3809lnr4b690d2qkclk-helmfile-0.171.0",
              "default": true
            }
          ],
          "store_path": "/nix/store/fdn1y3dwv7crd3809lnr4b690d2qkclk-helmfile-0.171.0"
        },
        "x86_64-linux": {
          "outputs": [
            {
              "name": "out",
              "path": "/nix/store/cv8jn63i3gdp34i7lzbimdc3lw1v3dfz-helmfile-0.171.0",
              "default": true
            }
          ],
          "store_path": "/nix/store/cv8jn63i3gdp34i7lzbimdc3lw1v3dfz-helmfile-0.171.0"
        }
      }
    },
    "k3d@latest": {
      "last_modified": "2025-02-13T04:03:32Z",
      "resolved": "github:NixOS/nixpkgs/2d55b4c1531187926c2a423f6940b3b1301399b5#k3d",
      "source": "devbox-search",
      "version": "5.8.2",
      "systems": {
        "aarch64-darwin": {
          "outputs": [
            {
              "name": "out",
              "path": "/nix/store/v9v574780wv6rvfah2jnr72ydp9qj370-k3d-5.8.2",
              "default": true
            }
          ],
          "store_path": "/nix/store/v9v574780wv6rvfah2jnr72ydp9qj370-k3d-5.8.2"
        },
        "aarch64-linux": {
          "outputs": [
            {
              "name": "out",
              "path": "/nix/store/hf4s5jfmn2xd56kn54a3058pgjn1wyfa-k3d-5.8.2",
              "default": true
            }
          ],
          "store_path": "/nix/store/hf4s5jfmn2xd56kn54a3058pgjn1wyfa-k3d-5.8.2"
        },
        "x86_64-darwin": {
          "outputs": [
            {
              "name": "out",
              "path": "/nix/store/6ls8sp7gs353f99hrl9jz519jg4n1yxn-k3d-5.8.2",
              "default": true
            }
          ],
          "store_path": "/nix/store/6ls8sp7gs353f99hrl9jz519jg4n1yxn-k3d-5.8.2"
        },
        "x86_64-linux": {
          "outputs": [
            {
              "name": "out",
              "path": "/nix/store/7v15wfl2n85a3dfp44h1p0gvlv9kwfjg-k3d-5.8.2",
              "default": true
            }
          ],
          "store_path": "/nix/store/7v15wfl2n85a3dfp44h1p0gvlv9kwfjg-k3d-5.8.2"
        }
      }
    },
    "kubernetes-helm@latest": {
      "last_modified": "2025-02-13T21:40:15Z",
      "resolved": "github:NixOS/nixpkgs/ba0939c506a03c60a765cd7f7c43794816540eec#kubernetes-helm",
      "source": "devbox-search",
      "version": "3.17.1",
      "systems": {
        "aarch64-darwin": {
          "outputs": [
            {
              "name": "out",
              "path": "/nix/store/vw1p06zqaj6f24qqiajy9cvzbignldj9-kubernetes-helm-3.17.1",
              "default": true
            }
          ],
          "store_path": "/nix/store/vw1p06zqaj6f24qqiajy9cvzbignldj9-kubernetes-helm-3.17.1"
        },
        "aarch64-linux": {
          "outputs": [
            {
              "name": "out",
              "path": "/nix/store/v0ff1hymbd0sqlw0z3vszq7z0sjdd68l-kubernetes-helm-3.17.1",
              "default": true
            }
          ],
          "store_path": "/nix/store/v0ff1hymbd0sqlw0z3vszq7z0sjdd68l-kubernetes-helm-3.17.1"
        },
        "x86_64-darwin": {
          "outputs": [
            {
              "name": "out",
              "path": "/nix/store/b643xxmzx0k3v2fl6kq9lyajj99nhrcf-kubernetes-helm-3.17.1",
              "default": true
            }
          ],
          "store_path": "/nix/store/b643xxmzx0k3v2fl6kq9lyajj99nhrcf-kubernetes-helm-3.17.1"
        },
        "x86_64-linux": {
          "outputs": [
            {
              "name": "out",
              "path": "/nix/store/jnff4f0rfxp13bj7wld1yx6r26y4why7-kubernetes-helm-3.17.1",
              "default": true
            }
          ],
          "store_path": "/nix/store/jnff4f0rfxp13bj7wld1yx6r26y4why7-kubernetes-helm-3.17.1"
        }
      }
    },
    "opentofu@latest": {
      "last_modified": "2025-02-07T11:26:36Z",
      "resolved": "github:NixOS/nixpkgs/d98abf5cf5914e5e4e9d57205e3af55ca90ffc1d#opentofu",
      "source": "devbox-search",
      "version": "1.9.0",
      "systems": {
        "aarch64-darwin": {
          "outputs": [
            {
              "name": "out",
              "path": "/nix/store/bk8lbpai9gckl24971cd7sy86nx65vqp-opentofu-1.9.0",
              "default": true
            }
          ],
          "store_path": "/nix/store/bk8lbpai9gckl24971cd7sy86nx65vqp-opentofu-1.9.0"
        },
        "aarch64-linux": {
          "outputs": [
            {
              "name": "out",
              "path": "/nix/store/k56jwj34f3qj0j0q7rsqsnzcvjm83xfb-opentofu-1.9.0",
              "default": true
            }
          ],
          "store_path": "/nix/store/k56jwj34f3qj0j0q7rsqsnzcvjm83xfb-opentofu-1.9.0"
        },
        "x86_64-darwin": {
          "outputs": [
            {
              "name": "out",
              "path": "/nix/store/q8a4niqvlph0gbch407q19v444qyflpi-opentofu-1.9.0",
              "default": true
            }
          ],
          "store_path": "/nix/store/q8a4niqvlph0gbch407q19v444qyflpi-opentofu-1.9.0"
        },
        "x86_64-linux": {
          "outputs": [
            {
              "name": "out",
              "path": "/nix/store/1gc7dl8bcrks1y98qlblr08aly4b3qry-opentofu-1.9.0",
              "default": true
            }
          ],
          "store_path": "/nix/store/1gc7dl8bcrks1y98qlblr08aly4b3qry-opentofu-1.9.0"
        }
      }
    }
  }
}
