{
  "lockfile_version": "1",
  "packages": {
    "_1password-cli@2.31.0": {
      "last_modified": "2025-05-12T14:38:58Z",
      "resolved": "github:NixOS/nixpkgs/eaeed9530c76ce5f1d2d8232e08bec5e26f18ec1#_1password-cli",
      "source": "devbox-search",
      "version": "2.31.0",
      "systems": {
        "aarch64-darwin": {
          "outputs": [
            {
              "name": "out",
              "path": "/nix/store/swdvw6da1r8xr37w5h0vfy96xj6kb5zm-1password-cli-2.31.0",
              "default": true
            }
          ],
          "store_path": "/nix/store/swdvw6da1r8xr37w5h0vfy96xj6kb5zm-1password-cli-2.31.0"
        },
        "aarch64-linux": {
          "outputs": [
            {
              "name": "out",
              "path": "/nix/store/15wvrc6jflxp8l89dg95a7fgvklgfm6y-1password-cli-2.31.0",
              "default": true
            }
          ],
          "store_path": "/nix/store/15wvrc6jflxp8l89dg95a7fgvklgfm6y-1password-cli-2.31.0"
        },
        "x86_64-darwin": {
          "outputs": [
            {
              "name": "out",
              "path": "/nix/store/xi1fps3wlkkqvj5blf0599nbw54qd7fp-1password-cli-2.31.0",
              "default": true
            }
          ],
          "store_path": "/nix/store/xi1fps3wlkkqvj5blf0599nbw54qd7fp-1password-cli-2.31.0"
        },
        "x86_64-linux": {
          "outputs": [
            {
              "name": "out",
              "path": "/nix/store/fpqppdgfh4lii2ijvbrp0carhpdh8ypr-1password-cli-2.31.0",
              "default": true
            }
          ],
          "store_path": "/nix/store/fpqppdgfh4lii2ijvbrp0carhpdh8ypr-1password-cli-2.31.0"
        }
      }
    },
    "arping@latest": {
      "last_modified": "2025-04-17T05:47:26Z",
      "resolved": "github:NixOS/nixpkgs/ebe4301cbd8f81c4f8d3244b3632338bbeb6d49c#arping",
      "source": "devbox-search",
      "version": "2.25",
      "systems": {
        "aarch64-darwin": {
          "outputs": [
            {
              "name": "out",
              "path": "/nix/store/fklx11l13n7pzswbqxsay8gy4y4gr76z-arping-2.25",
              "default": true
            }
          ],
          "store_path": "/nix/store/fklx11l13n7pzswbqxsay8gy4y4gr76z-arping-2.25"
        },
        "aarch64-linux": {
          "outputs": [
            {
              "name": "out",
              "path": "/nix/store/3kmgr4bymr9iivjyapdi4n9s6k26lk4v-arping-2.25",
              "default": true
            }
          ],
          "store_path": "/nix/store/3kmgr4bymr9iivjyapdi4n9s6k26lk4v-arping-2.25"
        },
        "x86_64-darwin": {
          "outputs": [
            {
              "name": "out",
              "path": "/nix/store/1zxjf9s4qkp5ws8fkb9vbsjjwf3pkivw-arping-2.25",
              "default": true
            }
          ],
          "store_path": "/nix/store/1zxjf9s4qkp5ws8fkb9vbsjjwf3pkivw-arping-2.25"
        },
        "x86_64-linux": {
          "outputs": [
            {
              "name": "out",
              "path": "/nix/store/2i1n16sb8axg6y07xxmvbbv4ys91hbjy-arping-2.25",
              "default": true
            }
          ],
          "store_path": "/nix/store/2i1n16sb8axg6y07xxmvbbv4ys91hbjy-arping-2.25"
        }
      }
    },
    "cilium-cli@0.18.3": {
      "last_modified": "2025-05-06T08:06:31Z",
      "resolved": "github:NixOS/nixpkgs/1cb1c02a6b1b7cf67e3d7731cbbf327a53da9679#cilium-cli",
      "source": "devbox-search",
      "version": "0.18.3",
      "systems": {
        "aarch64-darwin": {
          "outputs": [
            {
              "name": "out",
              "path": "/nix/store/2dhaw24dxy96qppwfnb9rfl7jlq9g04y-cilium-cli-0.18.3",
              "default": true
            }
          ],
          "store_path": "/nix/store/2dhaw24dxy96qppwfnb9rfl7jlq9g04y-cilium-cli-0.18.3"
        },
        "aarch64-linux": {
          "outputs": [
            {
              "name": "out",
              "path": "/nix/store/rk8svgb3dj0hj20rfmpa17scy6gn398a-cilium-cli-0.18.3",
              "default": true
            }
          ],
          "store_path": "/nix/store/rk8svgb3dj0hj20rfmpa17scy6gn398a-cilium-cli-0.18.3"
        },
        "x86_64-darwin": {
          "outputs": [
            {
              "name": "out",
              "path": "/nix/store/zkwhyasaagqygavin2byy8093zpdhq17-cilium-cli-0.18.3",
              "default": true
            }
          ],
          "store_path": "/nix/store/zkwhyasaagqygavin2byy8093zpdhq17-cilium-cli-0.18.3"
        },
        "x86_64-linux": {
          "outputs": [
            {
              "name": "out",
              "path": "/nix/store/svgl2g4rbkrr3yxfr6in6vgxrlisy08x-cilium-cli-0.18.3",
              "default": true
            }
          ],
          "store_path": "/nix/store/svgl2g4rbkrr3yxfr6in6vgxrlisy08x-cilium-cli-0.18.3"
        }
      }
    },
    "fluxcd@2.5.1": {
      "last_modified": "2025-05-06T08:06:31Z",
      "resolved": "github:NixOS/nixpkgs/1cb1c02a6b1b7cf67e3d7731cbbf327a53da9679#fluxcd",
      "source": "devbox-search",
      "version": "2.5.1",
      "systems": {
        "aarch64-darwin": {
          "outputs": [
            {
              "name": "out",
              "path": "/nix/store/yf792k56vrf4mdrpa675qkbxxypyanc4-fluxcd-2.5.1",
              "default": true
            }
          ],
          "store_path": "/nix/store/yf792k56vrf4mdrpa675qkbxxypyanc4-fluxcd-2.5.1"
        },
        "aarch64-linux": {
          "outputs": [
            {
              "name": "out",
              "path": "/nix/store/00a8x6s33ficnsvpyvji867s7slgrxxf-fluxcd-2.5.1",
              "default": true
            }
          ],
          "store_path": "/nix/store/00a8x6s33ficnsvpyvji867s7slgrxxf-fluxcd-2.5.1"
        },
        "x86_64-darwin": {
          "outputs": [
            {
              "name": "out",
              "path": "/nix/store/lk03p1mgw9r3krfzqmbmyn1yckb15m32-fluxcd-2.5.1",
              "default": true
            }
          ],
          "store_path": "/nix/store/lk03p1mgw9r3krfzqmbmyn1yckb15m32-fluxcd-2.5.1"
        },
        "x86_64-linux": {
          "outputs": [
            {
              "name": "out",
              "path": "/nix/store/ldffdykly7rpwcds693qhqi0npx2lqar-fluxcd-2.5.1",
              "default": true
            }
          ],
          "store_path": "/nix/store/ldffdykly7rpwcds693qhqi0npx2lqar-fluxcd-2.5.1"
        }
      }
    },
    "github:NixOS/nixpkgs/nixpkgs-unstable": {
      "last_modified": "2025-05-07T00:09:58Z",
      "resolved": "github:NixOS/nixpkgs/b3582c75c7f21ce0b429898980eddbbf05c68e55?lastModified=1746576598&narHash=sha256-FshoQvr6Aor5SnORVvh%2FZdJ1Sa2U4ZrIMwKBX5k2wu0%3D"
    },
    "github:budimanjojo/talhelper": {
      "last_modified": "2025-05-09T01:25:18Z",
      "resolved": "github:budimanjojo/talhelper/64eab392f8eb67a5f7a6400e787a9fc791fac700?lastModified=1746753918&narHash=sha256-F2C%2BYQEgFutKdSF1tFC7GMrDJ08QdGao791N%2FJzuEfw%3D"
    },
    "go-task@3.43.3": {
      "last_modified": "2025-05-15T12:36:28Z",
      "resolved": "github:NixOS/nixpkgs/b1bebd0fe266bbd1820019612ead889e96a8fa2d#go-task",
      "source": "devbox-search",
      "version": "3.43.3",
      "systems": {
        "aarch64-darwin": {
          "outputs": [
            {
              "name": "out",
              "path": "/nix/store/0pgg01wmypijpszc39xgwg39fwbzgrh4-go-task-3.43.3",
              "default": true
            }
          ],
          "store_path": "/nix/store/0pgg01wmypijpszc39xgwg39fwbzgrh4-go-task-3.43.3"
        },
        "aarch64-linux": {
          "outputs": [
            {
              "name": "out",
              "path": "/nix/store/rkg0s89birraxv3mnpilvxc43v1883hp-go-task-3.43.3",
              "default": true
            }
          ],
          "store_path": "/nix/store/rkg0s89birraxv3mnpilvxc43v1883hp-go-task-3.43.3"
        },
        "x86_64-darwin": {
          "outputs": [
            {
              "name": "out",
              "path": "/nix/store/0f35a1mgr076xqmd5xhmhsk1a6hq2lil-go-task-3.43.3",
              "default": true
            }
          ],
          "store_path": "/nix/store/0f35a1mgr076xqmd5xhmhsk1a6hq2lil-go-task-3.43.3"
        },
        "x86_64-linux": {
          "outputs": [
            {
              "name": "out",
              "path": "/nix/store/71zbnibr4v8clz02bg50fjl7kvngr26l-go-task-3.43.3",
              "default": true
            }
          ],
          "store_path": "/nix/store/71zbnibr4v8clz02bg50fjl7kvngr26l-go-task-3.43.3"
        }
      }
    },
    "helmfile@1.1.0": {
      "last_modified": "2025-05-21T01:27:34Z",
      "resolved": "github:NixOS/nixpkgs/f0d925b947cca0bbe7f2d25115cbaf021844aba7#helmfile",
      "source": "devbox-search",
      "version": "1.1.0",
      "systems": {
        "aarch64-darwin": {
          "outputs": [
            {
              "name": "out",
              "path": "/nix/store/qbhy6bzdhf4llnhg75myscxi5860q46v-helmfile-1.1.0",
              "default": true
            }
          ],
          "store_path": "/nix/store/qbhy6bzdhf4llnhg75myscxi5860q46v-helmfile-1.1.0"
        },
        "aarch64-linux": {
          "outputs": [
            {
              "name": "out",
              "path": "/nix/store/c9a0vhjvf1va2ds8h2yk6maa68aq8cz2-helmfile-1.1.0",
              "default": true
            }
          ],
          "store_path": "/nix/store/c9a0vhjvf1va2ds8h2yk6maa68aq8cz2-helmfile-1.1.0"
        },
        "x86_64-darwin": {
          "outputs": [
            {
              "name": "out",
              "path": "/nix/store/80lc93b31wj1g27bwdrjx1rjvw7mzhqr-helmfile-1.1.0",
              "default": true
            }
          ],
          "store_path": "/nix/store/80lc93b31wj1g27bwdrjx1rjvw7mzhqr-helmfile-1.1.0"
        },
        "x86_64-linux": {
          "outputs": [
            {
              "name": "out",
              "path": "/nix/store/l56a6gr121hwx0dm4vi8m0sldqyl0gs5-helmfile-1.1.0",
              "default": true
            }
          ],
          "store_path": "/nix/store/l56a6gr121hwx0dm4vi8m0sldqyl0gs5-helmfile-1.1.0"
        }
      }
    },
    "ipmitool@1.8.19": {
      "last_modified": "2025-05-06T08:06:31Z",
      "resolved": "github:NixOS/nixpkgs/1cb1c02a6b1b7cf67e3d7731cbbf327a53da9679#ipmitool",
      "source": "devbox-search",
      "version": "1.8.19-unstable-2025-02-18",
      "systems": {
        "aarch64-darwin": {
          "outputs": [
            {
              "name": "out",
              "path": "/nix/store/g5rxwv5iyqqjqbd9g2pdn7z69l6djkc8-ipmitool-1.8.19-unstable-2025-02-18",
              "default": true
            }
          ],
          "store_path": "/nix/store/g5rxwv5iyqqjqbd9g2pdn7z69l6djkc8-ipmitool-1.8.19-unstable-2025-02-18"
        },
        "aarch64-linux": {
          "outputs": [
            {
              "name": "out",
              "path": "/nix/store/7yfba3d0k9r1942l1rpk5fhqx3b876k2-ipmitool-1.8.19-unstable-2025-02-18",
              "default": true
            }
          ],
          "store_path": "/nix/store/7yfba3d0k9r1942l1rpk5fhqx3b876k2-ipmitool-1.8.19-unstable-2025-02-18"
        },
        "x86_64-darwin": {
          "outputs": [
            {
              "name": "out",
              "path": "/nix/store/srhgmcaxbznz8y7vv0q38kjvix57pcvv-ipmitool-1.8.19-unstable-2025-02-18",
              "default": true
            }
          ],
          "store_path": "/nix/store/srhgmcaxbznz8y7vv0q38kjvix57pcvv-ipmitool-1.8.19-unstable-2025-02-18"
        },
        "x86_64-linux": {
          "outputs": [
            {
              "name": "out",
              "path": "/nix/store/cql7n3a8ycl0fprq368mghldibx0nnrp-ipmitool-1.8.19-unstable-2025-02-18",
              "default": true
            }
          ],
          "store_path": "/nix/store/cql7n3a8ycl0fprq368mghldibx0nnrp-ipmitool-1.8.19-unstable-2025-02-18"
        }
      }
    },
    "kubectl@1.33.1": {
      "last_modified": "2025-05-24T21:46:02Z",
      "resolved": "github:NixOS/nixpkgs/edb3633f9100d9277d1c9af245a4e9337a980c07#kubectl",
      "source": "devbox-search",
      "version": "1.33.1",
      "systems": {
        "aarch64-darwin": {
          "outputs": [
            {
              "name": "out",
              "path": "/nix/store/vcq5gsn9rp26xbz14b5b2fd8map8qnvj-kubectl-1.33.1",
              "default": true
            },
            {
              "name": "man",
              "path": "/nix/store/20v8bx884m4i34zdkksdq5qpkm966m65-kubectl-1.33.1-man",
              "default": true
            },
            {
              "name": "convert",
              "path": "/nix/store/cjm9i86w7is18g3cpsgfc0c3jmsnp0s8-kubectl-1.33.1-convert"
            }
          ],
          "store_path": "/nix/store/vcq5gsn9rp26xbz14b5b2fd8map8qnvj-kubectl-1.33.1"
        },
        "aarch64-linux": {
          "outputs": [
            {
              "name": "out",
              "path": "/nix/store/m8406nxn25y7a80jxq6mdk70p1xl8xrc-kubectl-1.33.1",
              "default": true
            },
            {
              "name": "man",
              "path": "/nix/store/gy8hdpwiqcy35zp0a9imbv4fqqy3cwn8-kubectl-1.33.1-man",
              "default": true
            },
            {
              "name": "convert",
              "path": "/nix/store/kh7b55lvpwfrdfbq3qrzcj9qjanfqn7c-kubectl-1.33.1-convert"
            }
          ],
          "store_path": "/nix/store/m8406nxn25y7a80jxq6mdk70p1xl8xrc-kubectl-1.33.1"
        },
        "x86_64-darwin": {
          "outputs": [
            {
              "name": "out",
              "path": "/nix/store/g8r4y54jpdyrvnrbhqyg60sr1wpqx0ff-kubectl-1.33.1",
              "default": true
            },
            {
              "name": "man",
              "path": "/nix/store/0n7ik9w8sjrhanv7yb1ijhwyawx7xcz2-kubectl-1.33.1-man",
              "default": true
            },
            {
              "name": "convert",
              "path": "/nix/store/fdpw2205wf6qq7h271nzbhxdmx561vq0-kubectl-1.33.1-convert"
            }
          ],
          "store_path": "/nix/store/g8r4y54jpdyrvnrbhqyg60sr1wpqx0ff-kubectl-1.33.1"
        },
        "x86_64-linux": {
          "outputs": [
            {
              "name": "out",
              "path": "/nix/store/lrfm3r4z5iqyn5fqf085bdyp7b5ghhdr-kubectl-1.33.1",
              "default": true
            },
            {
              "name": "man",
              "path": "/nix/store/hhank6pxbzwzm6b6gphpc1rj2jjdpmmk-kubectl-1.33.1-man",
              "default": true
            },
            {
              "name": "convert",
              "path": "/nix/store/yqlm8fmchxsxzica482r16sfm8x84hck-kubectl-1.33.1-convert"
            }
          ],
          "store_path": "/nix/store/lrfm3r4z5iqyn5fqf085bdyp7b5ghhdr-kubectl-1.33.1"
        }
      }
    },
    "kubefetch@0.8.1": {
      "last_modified": "2025-05-06T08:06:31Z",
      "resolved": "github:NixOS/nixpkgs/1cb1c02a6b1b7cf67e3d7731cbbf327a53da9679#kubefetch",
      "source": "devbox-search",
      "version": "0.8.1",
      "systems": {
        "aarch64-darwin": {
          "outputs": [
            {
              "name": "out",
              "path": "/nix/store/q5h5y006afwc6m3w5y0k5m411gwf18p9-kubefetch-0.8.1",
              "default": true
            }
          ],
          "store_path": "/nix/store/q5h5y006afwc6m3w5y0k5m411gwf18p9-kubefetch-0.8.1"
        },
        "aarch64-linux": {
          "outputs": [
            {
              "name": "out",
              "path": "/nix/store/g5bfrwpgj1sx7lj5g67v28k4mddvwb1a-kubefetch-0.8.1",
              "default": true
            }
          ],
          "store_path": "/nix/store/g5bfrwpgj1sx7lj5g67v28k4mddvwb1a-kubefetch-0.8.1"
        },
        "x86_64-darwin": {
          "outputs": [
            {
              "name": "out",
              "path": "/nix/store/xa7p1d768nz655ljapgw648hpyvdkjgk-kubefetch-0.8.1",
              "default": true
            }
          ],
          "store_path": "/nix/store/xa7p1d768nz655ljapgw648hpyvdkjgk-kubefetch-0.8.1"
        },
        "x86_64-linux": {
          "outputs": [
            {
              "name": "out",
              "path": "/nix/store/vvnxk6bpkrspz9bnaa4x01jallmq0yy9-kubefetch-0.8.1",
              "default": true
            }
          ],
          "store_path": "/nix/store/vvnxk6bpkrspz9bnaa4x01jallmq0yy9-kubefetch-0.8.1"
        }
      }
    },
    "kubernetes-helm@3.17.3": {
      "last_modified": "2025-05-06T08:06:31Z",
      "resolved": "github:NixOS/nixpkgs/1cb1c02a6b1b7cf67e3d7731cbbf327a53da9679#kubernetes-helm",
      "source": "devbox-search",
      "version": "3.17.3",
      "systems": {
        "aarch64-darwin": {
          "outputs": [
            {
              "name": "out",
              "path": "/nix/store/lhmnyfjp7w5c0viv8lbn9dh1nchpihbp-kubernetes-helm-3.17.3",
              "default": true
            }
          ],
          "store_path": "/nix/store/lhmnyfjp7w5c0viv8lbn9dh1nchpihbp-kubernetes-helm-3.17.3"
        },
        "aarch64-linux": {
          "outputs": [
            {
              "name": "out",
              "path": "/nix/store/fg2mqhpshjyr0dhpgq5lb1vp7n3gx28a-kubernetes-helm-3.17.3",
              "default": true
            }
          ],
          "store_path": "/nix/store/fg2mqhpshjyr0dhpgq5lb1vp7n3gx28a-kubernetes-helm-3.17.3"
        },
        "x86_64-darwin": {
          "outputs": [
            {
              "name": "out",
              "path": "/nix/store/xspz3rism3lv2fvpxax4b80klsjy5q2z-kubernetes-helm-3.17.3",
              "default": true
            }
          ],
          "store_path": "/nix/store/xspz3rism3lv2fvpxax4b80klsjy5q2z-kubernetes-helm-3.17.3"
        },
        "x86_64-linux": {
          "outputs": [
            {
              "name": "out",
              "path": "/nix/store/q55vhgsdzdp5spag22g7i0cn00knb4ki-kubernetes-helm-3.17.3",
              "default": true
            }
          ],
          "store_path": "/nix/store/q55vhgsdzdp5spag22g7i0cn00knb4ki-kubernetes-helm-3.17.3"
        }
      }
    },
    "kubernetes-helmPlugins.helm-diff@3.12.0": {
      "last_modified": "2025-05-21T01:27:34Z",
      "resolved": "github:NixOS/nixpkgs/f0d925b947cca0bbe7f2d25115cbaf021844aba7#kubernetes-helmPlugins.helm-diff",
      "source": "devbox-search",
      "version": "3.12.0",
      "systems": {
        "aarch64-darwin": {
          "outputs": [
            {
              "name": "out",
              "path": "/nix/store/d1nx30j2kgw42mzhnc4gp9i6jznxd5h7-helm-diff-3.12.0",
              "default": true
            }
          ],
          "store_path": "/nix/store/d1nx30j2kgw42mzhnc4gp9i6jznxd5h7-helm-diff-3.12.0"
        },
        "aarch64-linux": {
          "outputs": [
            {
              "name": "out",
              "path": "/nix/store/ig3n7f9pw0wqrl353f1nr48dpwpvqbhz-helm-diff-3.12.0",
              "default": true
            }
          ],
          "store_path": "/nix/store/ig3n7f9pw0wqrl353f1nr48dpwpvqbhz-helm-diff-3.12.0"
        },
        "x86_64-darwin": {
          "outputs": [
            {
              "name": "out",
              "path": "/nix/store/llb08pmjldzmf5md5mi8y6rhcq700iz8-helm-diff-3.12.0",
              "default": true
            }
          ],
          "store_path": "/nix/store/llb08pmjldzmf5md5mi8y6rhcq700iz8-helm-diff-3.12.0"
        },
        "x86_64-linux": {
          "outputs": [
            {
              "name": "out",
              "path": "/nix/store/zn76qahrmwrd33173v1pasxl8ljnqyv4-helm-diff-3.12.0",
              "default": true
            }
          ],
          "store_path": "/nix/store/zn76qahrmwrd33173v1pasxl8ljnqyv4-helm-diff-3.12.0"
        }
      }
    },
    "minijinja@2.10.2": {
      "last_modified": "2025-05-12T14:38:58Z",
      "resolved": "github:NixOS/nixpkgs/eaeed9530c76ce5f1d2d8232e08bec5e26f18ec1#minijinja",
      "source": "devbox-search",
      "version": "2.10.2",
      "systems": {
        "aarch64-darwin": {
          "outputs": [
            {
              "name": "out",
              "path": "/nix/store/zh58775nmk6070a9vjijkm5nhk9gmgwy-minijinja-2.10.2",
              "default": true
            }
          ],
          "store_path": "/nix/store/zh58775nmk6070a9vjijkm5nhk9gmgwy-minijinja-2.10.2"
        },
        "aarch64-linux": {
          "outputs": [
            {
              "name": "out",
              "path": "/nix/store/ama41gfs276l3x5a4vgnbzivn20kgyzd-minijinja-2.10.2",
              "default": true
            }
          ],
          "store_path": "/nix/store/ama41gfs276l3x5a4vgnbzivn20kgyzd-minijinja-2.10.2"
        },
        "x86_64-darwin": {
          "outputs": [
            {
              "name": "out",
              "path": "/nix/store/h4b1hiwd5d0bwnnw7lbpain1zfxxpr8j-minijinja-2.10.2",
              "default": true
            }
          ],
          "store_path": "/nix/store/h4b1hiwd5d0bwnnw7lbpain1zfxxpr8j-minijinja-2.10.2"
        },
        "x86_64-linux": {
          "outputs": [
            {
              "name": "out",
              "path": "/nix/store/mhfnvhqqv53fm330y9nd384vk6mac1r9-minijinja-2.10.2",
              "default": true
            }
          ],
          "store_path": "/nix/store/mhfnvhqqv53fm330y9nd384vk6mac1r9-minijinja-2.10.2"
        }
      }
    },
    "talosctl@1.10.1": {
      "last_modified": "2025-05-15T12:36:28Z",
      "resolved": "github:NixOS/nixpkgs/b1bebd0fe266bbd1820019612ead889e96a8fa2d#talosctl",
      "source": "devbox-search",
      "version": "1.10.1",
      "systems": {
        "aarch64-darwin": {
          "outputs": [
            {
              "name": "out",
              "path": "/nix/store/hx48ny6rx6j4bq9igkqnfkj9k3xv7psj-talosctl-1.10.1",
              "default": true
            }
          ],
          "store_path": "/nix/store/hx48ny6rx6j4bq9igkqnfkj9k3xv7psj-talosctl-1.10.1"
        },
        "aarch64-linux": {
          "outputs": [
            {
              "name": "out",
              "path": "/nix/store/yh1sxcxyxjfi83p2h5brmziaza8dz4w6-talosctl-1.10.1",
              "default": true
            }
          ],
          "store_path": "/nix/store/yh1sxcxyxjfi83p2h5brmziaza8dz4w6-talosctl-1.10.1"
        },
        "x86_64-darwin": {
          "outputs": [
            {
              "name": "out",
              "path": "/nix/store/qp1qyj9l5kf9ha3grg0ihgmcnydlnvqc-talosctl-1.10.1",
              "default": true
            }
          ],
          "store_path": "/nix/store/qp1qyj9l5kf9ha3grg0ihgmcnydlnvqc-talosctl-1.10.1"
        },
        "x86_64-linux": {
          "outputs": [
            {
              "name": "out",
              "path": "/nix/store/09940x6ljsjn2m5hwwpdxl9515xxy31b-talosctl-1.10.1",
              "default": true
            }
          ],
          "store_path": "/nix/store/09940x6ljsjn2m5hwwpdxl9515xxy31b-talosctl-1.10.1"
        }
      }
    },
    "tpi@1.0.7": {
      "last_modified": "2025-05-06T08:06:31Z",
      "resolved": "github:NixOS/nixpkgs/1cb1c02a6b1b7cf67e3d7731cbbf327a53da9679#tpi",
      "source": "devbox-search",
      "version": "1.0.7",
      "systems": {
        "aarch64-darwin": {
          "outputs": [
            {
              "name": "out",
              "path": "/nix/store/nplm9cnj0vw517n35cnxy0izpadfq2v6-tpi-1.0.7",
              "default": true
            }
          ],
          "store_path": "/nix/store/nplm9cnj0vw517n35cnxy0izpadfq2v6-tpi-1.0.7"
        },
        "aarch64-linux": {
          "outputs": [
            {
              "name": "out",
              "path": "/nix/store/gvakx239kmgjm84c4404scmv32daqi4m-tpi-1.0.7",
              "default": true
            }
          ],
          "store_path": "/nix/store/gvakx239kmgjm84c4404scmv32daqi4m-tpi-1.0.7"
        },
        "x86_64-darwin": {
          "outputs": [
            {
              "name": "out",
              "path": "/nix/store/lj72558p03im57ps8v7sdxdsn0jj0syl-tpi-1.0.7",
              "default": true
            }
          ],
          "store_path": "/nix/store/lj72558p03im57ps8v7sdxdsn0jj0syl-tpi-1.0.7"
        },
        "x86_64-linux": {
          "outputs": [
            {
              "name": "out",
              "path": "/nix/store/a0ngj4yfhvy3jgi395y3lshw9kyglf5r-tpi-1.0.7",
              "default": true
            }
          ],
          "store_path": "/nix/store/a0ngj4yfhvy3jgi395y3lshw9kyglf5r-tpi-1.0.7"
        }
      }
    },
    "yq-go@4.45.4": {
      "last_modified": "2025-05-12T14:38:58Z",
      "resolved": "github:NixOS/nixpkgs/eaeed9530c76ce5f1d2d8232e08bec5e26f18ec1#yq-go",
      "source": "devbox-search",
      "version": "4.45.4",
      "systems": {
        "aarch64-darwin": {
          "outputs": [
            {
              "name": "out",
              "path": "/nix/store/s0ppcxvbfaykxa04b76rfrrysj68h0sn-yq-go-4.45.4",
              "default": true
            }
          ],
          "store_path": "/nix/store/s0ppcxvbfaykxa04b76rfrrysj68h0sn-yq-go-4.45.4"
        },
        "aarch64-linux": {
          "outputs": [
            {
              "name": "out",
              "path": "/nix/store/p79v0jc8q5mj787z86xfnm37b89fph7b-yq-go-4.45.4",
              "default": true
            }
          ],
          "store_path": "/nix/store/p79v0jc8q5mj787z86xfnm37b89fph7b-yq-go-4.45.4"
        },
        "x86_64-darwin": {
          "outputs": [
            {
              "name": "out",
              "path": "/nix/store/6a873paiqhqyn7nl9fkj71r9akq48jrd-yq-go-4.45.4",
              "default": true
            }
          ],
          "store_path": "/nix/store/6a873paiqhqyn7nl9fkj71r9akq48jrd-yq-go-4.45.4"
        },
        "x86_64-linux": {
          "outputs": [
            {
              "name": "out",
              "path": "/nix/store/xv6i1rshlw2841bysp3n8r9yd13kyk3l-yq-go-4.45.4",
              "default": true
            }
          ],
          "store_path": "/nix/store/xv6i1rshlw2841bysp3n8r9yd13kyk3l-yq-go-4.45.4"
        }
      }
    }
  }
}
