{
  "lockfile_version": "1",
  "packages": {
    "_1password-cli@latest": {
      "last_modified": "2025-02-23T09:42:26Z",
      "resolved": "github:NixOS/nixpkgs/2d068ae5c6516b2d04562de50a58c682540de9bf#_1password-cli",
      "source": "devbox-search",
      "version": "2.30.3",
      "systems": {
        "aarch64-darwin": {
          "outputs": [
            {
              "name": "out",
              "path": "/nix/store/dd7ya52ykxhkr6a2nc5820k3wl0c4yql-1password-cli-2.30.3",
              "default": true
            }
          ],
          "store_path": "/nix/store/dd7ya52ykxhkr6a2nc5820k3wl0c4yql-1password-cli-2.30.3"
        },
        "aarch64-linux": {
          "outputs": [
            {
              "name": "out",
              "path": "/nix/store/fsj213896l8qbqy8ppwl4pf3jbfdmz8f-1password-cli-2.30.3",
              "default": true
            }
          ],
          "store_path": "/nix/store/fsj213896l8qbqy8ppwl4pf3jbfdmz8f-1password-cli-2.30.3"
        },
        "x86_64-darwin": {
          "outputs": [
            {
              "name": "out",
              "path": "/nix/store/wkz5hpnm56afdn23m7xrfgxfsyjp9pi4-1password-cli-2.30.3",
              "default": true
            }
          ],
          "store_path": "/nix/store/wkz5hpnm56afdn23m7xrfgxfsyjp9pi4-1password-cli-2.30.3"
        },
        "x86_64-linux": {
          "outputs": [
            {
              "name": "out",
              "path": "/nix/store/nbs29izxl7z0p2l3slk586g2nmmd6j3f-1password-cli-2.30.3",
              "default": true
            }
          ],
          "store_path": "/nix/store/nbs29izxl7z0p2l3slk586g2nmmd6j3f-1password-cli-2.30.3"
        }
      }
    },
    "cilium-cli@latest": {
      "last_modified": "2025-02-07T11:26:36Z",
      "resolved": "github:NixOS/nixpkgs/d98abf5cf5914e5e4e9d57205e3af55ca90ffc1d#cilium-cli",
      "source": "devbox-search",
      "version": "0.16.24",
      "systems": {
        "aarch64-darwin": {
          "outputs": [
            {
              "name": "out",
              "path": "/nix/store/nr4fyxxndryz95k0yb71gwppv3xrazkd-cilium-cli-0.16.24",
              "default": true
            }
          ],
          "store_path": "/nix/store/nr4fyxxndryz95k0yb71gwppv3xrazkd-cilium-cli-0.16.24"
        },
        "aarch64-linux": {
          "outputs": [
            {
              "name": "out",
              "path": "/nix/store/im14mdv1gl0acp1yv5iyc0zfjg5j2dcs-cilium-cli-0.16.24",
              "default": true
            }
          ],
          "store_path": "/nix/store/im14mdv1gl0acp1yv5iyc0zfjg5j2dcs-cilium-cli-0.16.24"
        },
        "x86_64-darwin": {
          "outputs": [
            {
              "name": "out",
              "path": "/nix/store/711zm3dcggf6v2wdjw8yvrn49hhr24mb-cilium-cli-0.16.24",
              "default": true
            }
          ],
          "store_path": "/nix/store/711zm3dcggf6v2wdjw8yvrn49hhr24mb-cilium-cli-0.16.24"
        },
        "x86_64-linux": {
          "outputs": [
            {
              "name": "out",
              "path": "/nix/store/lraxqg2rk0xxb65nadmr33n6dfgyfix1-cilium-cli-0.16.24",
              "default": true
            }
          ],
          "store_path": "/nix/store/lraxqg2rk0xxb65nadmr33n6dfgyfix1-cilium-cli-0.16.24"
        }
      }
    },
    "fluxcd@latest": {
      "last_modified": "2025-02-07T11:26:36Z",
      "resolved": "github:NixOS/nixpkgs/d98abf5cf5914e5e4e9d57205e3af55ca90ffc1d#fluxcd",
      "source": "devbox-search",
      "version": "2.4.0",
      "systems": {
        "aarch64-darwin": {
          "outputs": [
            {
              "name": "out",
              "path": "/nix/store/245khps9ykcpxa50la2jhfj25yxqryk5-fluxcd-2.4.0",
              "default": true
            }
          ],
          "store_path": "/nix/store/245khps9ykcpxa50la2jhfj25yxqryk5-fluxcd-2.4.0"
        },
        "aarch64-linux": {
          "outputs": [
            {
              "name": "out",
              "path": "/nix/store/5dakz4ch5jlyhs0jg8dcy21qq8ail4js-fluxcd-2.4.0",
              "default": true
            }
          ],
          "store_path": "/nix/store/5dakz4ch5jlyhs0jg8dcy21qq8ail4js-fluxcd-2.4.0"
        },
        "x86_64-darwin": {
          "outputs": [
            {
              "name": "out",
              "path": "/nix/store/0fn39mz45kv9mmai2gpxpq91vr7f545a-fluxcd-2.4.0",
              "default": true
            }
          ],
          "store_path": "/nix/store/0fn39mz45kv9mmai2gpxpq91vr7f545a-fluxcd-2.4.0"
        },
        "x86_64-linux": {
          "outputs": [
            {
              "name": "out",
              "path": "/nix/store/igflkykxy2mkib6snqy6d24fs303lrgb-fluxcd-2.4.0",
              "default": true
            }
          ],
          "store_path": "/nix/store/igflkykxy2mkib6snqy6d24fs303lrgb-fluxcd-2.4.0"
        }
      }
    },
    "github:NixOS/nixpkgs/nixpkgs-unstable": {
      "resolved": "github:NixOS/nixpkgs/199169a2135e6b864a888e89a2ace345703c025d?lastModified=1740791350&narHash=sha256-igS2Z4tVw5W%2Fx3lCZeeadt0vcU9fxtetZ%2FRyrqsCRQ0%3D"
    },
    "go-task@latest": {
      "last_modified": "2025-02-07T11:26:36Z",
      "resolved": "github:NixOS/nixpkgs/d98abf5cf5914e5e4e9d57205e3af55ca90ffc1d#go-task",
      "source": "devbox-search",
      "version": "3.41.0",
      "systems": {
        "aarch64-darwin": {
          "outputs": [
            {
              "name": "out",
              "path": "/nix/store/m0zc229zl4nfi9800dvxikyp31davmgl-go-task-3.41.0",
              "default": true
            }
          ],
          "store_path": "/nix/store/m0zc229zl4nfi9800dvxikyp31davmgl-go-task-3.41.0"
        },
        "aarch64-linux": {
          "outputs": [
            {
              "name": "out",
              "path": "/nix/store/3yg6irq9bdr34krjp0nbrrpd8gzfr4ag-go-task-3.41.0",
              "default": true
            }
          ],
          "store_path": "/nix/store/3yg6irq9bdr34krjp0nbrrpd8gzfr4ag-go-task-3.41.0"
        },
        "x86_64-darwin": {
          "outputs": [
            {
              "name": "out",
              "path": "/nix/store/25wclmb70pbw6z5a9lhf8xnl7rsf7vap-go-task-3.41.0",
              "default": true
            }
          ],
          "store_path": "/nix/store/25wclmb70pbw6z5a9lhf8xnl7rsf7vap-go-task-3.41.0"
        },
        "x86_64-linux": {
          "outputs": [
            {
              "name": "out",
              "path": "/nix/store/jn35gb9isnqzr9mfwhmig40c6iflmadz-go-task-3.41.0",
              "default": true
            }
          ],
          "store_path": "/nix/store/jn35gb9isnqzr9mfwhmig40c6iflmadz-go-task-3.41.0"
        }
      }
    },
    "hcloud@latest": {
      "last_modified": "2025-03-21T17:37:26Z",
      "resolved": "github:NixOS/nixpkgs/94c4dbe77c0740ebba36c173672ca15a7926c993#hcloud",
      "source": "devbox-search",
      "version": "1.50.0",
      "systems": {
        "aarch64-darwin": {
          "outputs": [
            {
              "name": "out",
              "path": "/nix/store/3mcgrbdva87czzjh60i2dd9hwrgynsdl-hcloud-1.50.0",
              "default": true
            }
          ],
          "store_path": "/nix/store/3mcgrbdva87czzjh60i2dd9hwrgynsdl-hcloud-1.50.0"
        },
        "aarch64-linux": {
          "outputs": [
            {
              "name": "out",
              "path": "/nix/store/nzx332fwd2x5kgfv5vm2z90qpxw0h9lq-hcloud-1.50.0",
              "default": true
            }
          ],
          "store_path": "/nix/store/nzx332fwd2x5kgfv5vm2z90qpxw0h9lq-hcloud-1.50.0"
        },
        "x86_64-darwin": {
          "outputs": [
            {
              "name": "out",
              "path": "/nix/store/r28v0r0s8m7vfq3i918jprbm6v6w48qk-hcloud-1.50.0",
              "default": true
            }
          ],
          "store_path": "/nix/store/r28v0r0s8m7vfq3i918jprbm6v6w48qk-hcloud-1.50.0"
        },
        "x86_64-linux": {
          "outputs": [
            {
              "name": "out",
              "path": "/nix/store/3hkf55d6ayvgpx6fv7wxs6vkg6l8byhp-hcloud-1.50.0",
              "default": true
            }
          ],
          "store_path": "/nix/store/3hkf55d6ayvgpx6fv7wxs6vkg6l8byhp-hcloud-1.50.0"
        }
      }
    },
    "helmfile@latest": {
      "last_modified": "2025-02-16T00:50:12Z",
      "resolved": "github:NixOS/nixpkgs/1dcdd535fef84d4671129a10e7072d56dca9a4d3#helmfile",
      "source": "devbox-search",
      "version": "0.171.0",
      "systems": {
        "aarch64-darwin": {
          "outputs": [
            {
              "name": "out",
              "path": "/nix/store/drhfi74ls1r2fm3p1kfkkigg1wjb0lpm-helmfile-0.171.0",
              "default": true
            }
          ],
          "store_path": "/nix/store/drhfi74ls1r2fm3p1kfkkigg1wjb0lpm-helmfile-0.171.0"
        },
        "aarch64-linux": {
          "outputs": [
            {
              "name": "out",
              "path": "/nix/store/b17835b1gyv4vpbcw1v43j30miy6allp-helmfile-0.171.0",
              "default": true
            }
          ],
          "store_path": "/nix/store/b17835b1gyv4vpbcw1v43j30miy6allp-helmfile-0.171.0"
        },
        "x86_64-darwin": {
          "outputs": [
            {
              "name": "out",
              "path": "/nix/store/fdn1y3dwv7crd3809lnr4b690d2qkclk-helmfile-0.171.0",
              "default": true
            }
          ],
          "store_path": "/nix/store/fdn1y3dwv7crd3809lnr4b690d2qkclk-helmfile-0.171.0"
        },
        "x86_64-linux": {
          "outputs": [
            {
              "name": "out",
              "path": "/nix/store/cv8jn63i3gdp34i7lzbimdc3lw1v3dfz-helmfile-0.171.0",
              "default": true
            }
          ],
          "store_path": "/nix/store/cv8jn63i3gdp34i7lzbimdc3lw1v3dfz-helmfile-0.171.0"
        }
      }
    },
    "k3d@latest": {
      "last_modified": "2025-02-13T04:03:32Z",
      "resolved": "github:NixOS/nixpkgs/2d55b4c1531187926c2a423f6940b3b1301399b5#k3d",
      "source": "devbox-search",
      "version": "5.8.2",
      "systems": {
        "aarch64-darwin": {
          "outputs": [
            {
              "name": "out",
              "path": "/nix/store/v9v574780wv6rvfah2jnr72ydp9qj370-k3d-5.8.2",
              "default": true
            }
          ],
          "store_path": "/nix/store/v9v574780wv6rvfah2jnr72ydp9qj370-k3d-5.8.2"
        },
        "aarch64-linux": {
          "outputs": [
            {
              "name": "out",
              "path": "/nix/store/hf4s5jfmn2xd56kn54a3058pgjn1wyfa-k3d-5.8.2",
              "default": true
            }
          ],
          "store_path": "/nix/store/hf4s5jfmn2xd56kn54a3058pgjn1wyfa-k3d-5.8.2"
        },
        "x86_64-darwin": {
          "outputs": [
            {
              "name": "out",
              "path": "/nix/store/6ls8sp7gs353f99hrl9jz519jg4n1yxn-k3d-5.8.2",
              "default": true
            }
          ],
          "store_path": "/nix/store/6ls8sp7gs353f99hrl9jz519jg4n1yxn-k3d-5.8.2"
        },
        "x86_64-linux": {
          "outputs": [
            {
              "name": "out",
              "path": "/nix/store/7v15wfl2n85a3dfp44h1p0gvlv9kwfjg-k3d-5.8.2",
              "default": true
            }
          ],
          "store_path": "/nix/store/7v15wfl2n85a3dfp44h1p0gvlv9kwfjg-k3d-5.8.2"
        }
      }
    },
    "kubectl@latest": {
      "last_modified": "2025-02-16T00:50:12Z",
      "resolved": "github:NixOS/nixpkgs/1dcdd535fef84d4671129a10e7072d56dca9a4d3#kubectl",
      "source": "devbox-search",
      "version": "1.32.2",
      "systems": {
        "aarch64-darwin": {
          "outputs": [
            {
              "name": "out",
              "path": "/nix/store/fdg47848h1jm48dvq34vzjx7pxipipyj-kubectl-1.32.2",
              "default": true
            },
            {
              "name": "man",
              "path": "/nix/store/nwpq48a67gn7xvma4k76wa3dl5qpc9jw-kubectl-1.32.2-man",
              "default": true
            },
            {
              "name": "convert",
              "path": "/nix/store/2l56gryy2lc3bxd1k28d606r23872vj1-kubectl-1.32.2-convert"
            }
          ],
          "store_path": "/nix/store/fdg47848h1jm48dvq34vzjx7pxipipyj-kubectl-1.32.2"
        },
        "aarch64-linux": {
          "outputs": [
            {
              "name": "out",
              "path": "/nix/store/ln7cfszvc6gjjrarbv0ipf1h8yzgkl46-kubectl-1.32.2",
              "default": true
            },
            {
              "name": "man",
              "path": "/nix/store/m79ivh1p7158mycrxiqslsdwqz0a2y15-kubectl-1.32.2-man",
              "default": true
            },
            {
              "name": "convert",
              "path": "/nix/store/x9c450w9l5l9hdb4sqvysi6wlsg522x7-kubectl-1.32.2-convert"
            }
          ],
          "store_path": "/nix/store/ln7cfszvc6gjjrarbv0ipf1h8yzgkl46-kubectl-1.32.2"
        },
        "x86_64-darwin": {
          "outputs": [
            {
              "name": "out",
              "path": "/nix/store/b2js0qn4da3bl7xi06q5prx27gd5fch8-kubectl-1.32.2",
              "default": true
            },
            {
              "name": "man",
              "path": "/nix/store/97yz99gy3hg69b6jjaqi01126ld5hgpl-kubectl-1.32.2-man",
              "default": true
            },
            {
              "name": "convert",
              "path": "/nix/store/1cr7phxn688by6bgzrpr5x6pv29dzknp-kubectl-1.32.2-convert"
            }
          ],
          "store_path": "/nix/store/b2js0qn4da3bl7xi06q5prx27gd5fch8-kubectl-1.32.2"
        },
        "x86_64-linux": {
          "outputs": [
            {
              "name": "out",
              "path": "/nix/store/d4hd150ffhnayv270mpacjkv57agyxyd-kubectl-1.32.2",
              "default": true
            },
            {
              "name": "man",
              "path": "/nix/store/37p1rr7vy6kmfhih65p6lvwc1cx64z6x-kubectl-1.32.2-man",
              "default": true
            },
            {
              "name": "convert",
              "path": "/nix/store/9ydig9bf3sgbsgxi06jw1128cdrpvfm1-kubectl-1.32.2-convert"
            }
          ],
          "store_path": "/nix/store/d4hd150ffhnayv270mpacjkv57agyxyd-kubectl-1.32.2"
        }
      }
    },
    "kubernetes-helm@latest": {
      "last_modified": "2025-02-13T21:40:15Z",
      "resolved": "github:NixOS/nixpkgs/ba0939c506a03c60a765cd7f7c43794816540eec#kubernetes-helm",
      "source": "devbox-search",
      "version": "3.17.1",
      "systems": {
        "aarch64-darwin": {
          "outputs": [
            {
              "name": "out",
              "path": "/nix/store/vw1p06zqaj6f24qqiajy9cvzbignldj9-kubernetes-helm-3.17.1",
              "default": true
            }
          ],
          "store_path": "/nix/store/vw1p06zqaj6f24qqiajy9cvzbignldj9-kubernetes-helm-3.17.1"
        },
        "aarch64-linux": {
          "outputs": [
            {
              "name": "out",
              "path": "/nix/store/v0ff1hymbd0sqlw0z3vszq7z0sjdd68l-kubernetes-helm-3.17.1",
              "default": true
            }
          ],
          "store_path": "/nix/store/v0ff1hymbd0sqlw0z3vszq7z0sjdd68l-kubernetes-helm-3.17.1"
        },
        "x86_64-darwin": {
          "outputs": [
            {
              "name": "out",
              "path": "/nix/store/b643xxmzx0k3v2fl6kq9lyajj99nhrcf-kubernetes-helm-3.17.1",
              "default": true
            }
          ],
          "store_path": "/nix/store/b643xxmzx0k3v2fl6kq9lyajj99nhrcf-kubernetes-helm-3.17.1"
        },
        "x86_64-linux": {
          "outputs": [
            {
              "name": "out",
              "path": "/nix/store/jnff4f0rfxp13bj7wld1yx6r26y4why7-kubernetes-helm-3.17.1",
              "default": true
            }
          ],
          "store_path": "/nix/store/jnff4f0rfxp13bj7wld1yx6r26y4why7-kubernetes-helm-3.17.1"
        }
      }
    },
    "kubernetes-helmPlugins.helm-diff@latest": {
      "last_modified": "2025-02-07T11:26:36Z",
      "resolved": "github:NixOS/nixpkgs/d98abf5cf5914e5e4e9d57205e3af55ca90ffc1d#kubernetes-helmPlugins.helm-diff",
      "source": "devbox-search",
      "version": "3.10.0",
      "systems": {
        "aarch64-darwin": {
          "outputs": [
            {
              "name": "out",
              "path": "/nix/store/hvqrlkv9ijdpgqkdmcxkpph2r6lycsjl-helm-diff-3.10.0",
              "default": true
            }
          ],
          "store_path": "/nix/store/hvqrlkv9ijdpgqkdmcxkpph2r6lycsjl-helm-diff-3.10.0"
        },
        "aarch64-linux": {
          "outputs": [
            {
              "name": "out",
              "path": "/nix/store/l2yr387drixmnkmi233nrcw4jqp7jz1a-helm-diff-3.10.0",
              "default": true
            }
          ],
          "store_path": "/nix/store/l2yr387drixmnkmi233nrcw4jqp7jz1a-helm-diff-3.10.0"
        },
        "x86_64-darwin": {
          "outputs": [
            {
              "name": "out",
              "path": "/nix/store/a7wbhjk5sjxqzpqf9xzl9zlz9ypqxwa5-helm-diff-3.10.0",
              "default": true
            }
          ],
          "store_path": "/nix/store/a7wbhjk5sjxqzpqf9xzl9zlz9ypqxwa5-helm-diff-3.10.0"
        },
        "x86_64-linux": {
          "outputs": [
            {
              "name": "out",
              "path": "/nix/store/3528c5w46h4ap4bs58xsbj6h5isa69jx-helm-diff-3.10.0",
              "default": true
            }
          ],
          "store_path": "/nix/store/3528c5w46h4ap4bs58xsbj6h5isa69jx-helm-diff-3.10.0"
        }
      }
    },
    "minijinja@latest": {
      "last_modified": "2025-02-07T11:26:36Z",
      "resolved": "github:NixOS/nixpkgs/d98abf5cf5914e5e4e9d57205e3af55ca90ffc1d#minijinja",
      "source": "devbox-search",
      "version": "2.7.0",
      "systems": {
        "aarch64-darwin": {
          "outputs": [
            {
              "name": "out",
              "path": "/nix/store/6q481xqhl10s7a3c8qnnflg2yrjlrw9q-minijinja-2.7.0",
              "default": true
            }
          ],
          "store_path": "/nix/store/6q481xqhl10s7a3c8qnnflg2yrjlrw9q-minijinja-2.7.0"
        },
        "aarch64-linux": {
          "outputs": [
            {
              "name": "out",
              "path": "/nix/store/1yhsjsk5cv5pad9yqm79mylz25cxz22p-minijinja-2.7.0",
              "default": true
            }
          ],
          "store_path": "/nix/store/1yhsjsk5cv5pad9yqm79mylz25cxz22p-minijinja-2.7.0"
        },
        "x86_64-darwin": {
          "outputs": [
            {
              "name": "out",
              "path": "/nix/store/p9wl3qfp0p2pg49xahdfqs0wh4paswy2-minijinja-2.7.0",
              "default": true
            }
          ],
          "store_path": "/nix/store/p9wl3qfp0p2pg49xahdfqs0wh4paswy2-minijinja-2.7.0"
        },
        "x86_64-linux": {
          "outputs": [
            {
              "name": "out",
              "path": "/nix/store/9b1bm3wz9fb5h2hip91xl1lnji6v82dq-minijinja-2.7.0",
              "default": true
            }
          ],
          "store_path": "/nix/store/9b1bm3wz9fb5h2hip91xl1lnji6v82dq-minijinja-2.7.0"
        }
      }
    },
    "opentofu@latest": {
      "last_modified": "2025-02-07T11:26:36Z",
      "resolved": "github:NixOS/nixpkgs/d98abf5cf5914e5e4e9d57205e3af55ca90ffc1d#opentofu",
      "source": "devbox-search",
      "version": "1.9.0",
      "systems": {
        "aarch64-darwin": {
          "outputs": [
            {
              "name": "out",
              "path": "/nix/store/bk8lbpai9gckl24971cd7sy86nx65vqp-opentofu-1.9.0",
              "default": true
            }
          ],
          "store_path": "/nix/store/bk8lbpai9gckl24971cd7sy86nx65vqp-opentofu-1.9.0"
        },
        "aarch64-linux": {
          "outputs": [
            {
              "name": "out",
              "path": "/nix/store/k56jwj34f3qj0j0q7rsqsnzcvjm83xfb-opentofu-1.9.0",
              "default": true
            }
          ],
          "store_path": "/nix/store/k56jwj34f3qj0j0q7rsqsnzcvjm83xfb-opentofu-1.9.0"
        },
        "x86_64-darwin": {
          "outputs": [
            {
              "name": "out",
              "path": "/nix/store/q8a4niqvlph0gbch407q19v444qyflpi-opentofu-1.9.0",
              "default": true
            }
          ],
          "store_path": "/nix/store/q8a4niqvlph0gbch407q19v444qyflpi-opentofu-1.9.0"
        },
        "x86_64-linux": {
          "outputs": [
            {
              "name": "out",
              "path": "/nix/store/1gc7dl8bcrks1y98qlblr08aly4b3qry-opentofu-1.9.0",
              "default": true
            }
          ],
          "store_path": "/nix/store/1gc7dl8bcrks1y98qlblr08aly4b3qry-opentofu-1.9.0"
        }
      }
    },
    "packer@latest": {
      "last_modified": "2025-03-23T05:31:05Z",
      "resolved": "github:NixOS/nixpkgs/dd613136ee91f67e5dba3f3f41ac99ae89c5406b#packer",
      "source": "devbox-search",
      "version": "1.12.0",
      "systems": {
        "aarch64-darwin": {
          "outputs": [
            {
              "name": "out",
              "path": "/nix/store/64z3pxwvnln27i0ib8x4pzbhg019dpsz-packer-1.12.0",
              "default": true
            }
          ],
          "store_path": "/nix/store/64z3pxwvnln27i0ib8x4pzbhg019dpsz-packer-1.12.0"
        },
        "aarch64-linux": {
          "outputs": [
            {
              "name": "out",
              "path": "/nix/store/fc6w1djf7gi1h44cz0yw3yp83jnywyw4-packer-1.12.0",
              "default": true
            }
          ],
          "store_path": "/nix/store/fc6w1djf7gi1h44cz0yw3yp83jnywyw4-packer-1.12.0"
        },
        "x86_64-darwin": {
          "outputs": [
            {
              "name": "out",
              "path": "/nix/store/f20ngh1bg7pwq13l1kxggnad88c85bzc-packer-1.12.0",
              "default": true
            }
          ],
          "store_path": "/nix/store/f20ngh1bg7pwq13l1kxggnad88c85bzc-packer-1.12.0"
        },
        "x86_64-linux": {
          "outputs": [
            {
              "name": "out",
              "path": "/nix/store/h6kwbd4ndpdr7jfd8jgh5gcqfvrvmwkn-packer-1.12.0",
              "default": true
            }
          ],
          "store_path": "/nix/store/h6kwbd4ndpdr7jfd8jgh5gcqfvrvmwkn-packer-1.12.0"
        }
      }
    },
    "rustscan@latest": {
      "last_modified": "2025-02-07T11:26:36Z",
      "resolved": "github:NixOS/nixpkgs/d98abf5cf5914e5e4e9d57205e3af55ca90ffc1d#rustscan",
      "source": "devbox-search",
      "version": "2.3.0",
      "systems": {
        "aarch64-darwin": {
          "outputs": [
            {
              "name": "out",
              "path": "/nix/store/4s5000b02d9hrxb9z4r4180idngqd75x-rustscan-2.3.0",
              "default": true
            }
          ],
          "store_path": "/nix/store/4s5000b02d9hrxb9z4r4180idngqd75x-rustscan-2.3.0"
        },
        "aarch64-linux": {
          "outputs": [
            {
              "name": "out",
              "path": "/nix/store/93x4ms5xv0b60b1b8l9ajlxrfnq5nbvj-rustscan-2.3.0",
              "default": true
            }
          ],
          "store_path": "/nix/store/93x4ms5xv0b60b1b8l9ajlxrfnq5nbvj-rustscan-2.3.0"
        },
        "x86_64-darwin": {
          "outputs": [
            {
              "name": "out",
              "path": "/nix/store/6h9bjm6n4q4pam8qs0b30p87grd3mg37-rustscan-2.3.0",
              "default": true
            }
          ],
          "store_path": "/nix/store/6h9bjm6n4q4pam8qs0b30p87grd3mg37-rustscan-2.3.0"
        },
        "x86_64-linux": {
          "outputs": [
            {
              "name": "out",
              "path": "/nix/store/7bqc1df9n7c9xcd18b4wxggg9vxqxak3-rustscan-2.3.0",
              "default": true
            }
          ],
          "store_path": "/nix/store/7bqc1df9n7c9xcd18b4wxggg9vxqxak3-rustscan-2.3.0"
        }
      }
    }
  }
}
